
Microsoft Visual Studio Solution File, Format Version 12.00
# Visual Studio Version 17
VisualStudioVersion = 17.10.35201.131
MinimumVisualStudioVersion = 10.0.40219.1
Project("{FAE04EC0-301F-11D3-BF4B-00C04F79EFBC}") = "TCPLinker", "TCPLinker\TCPLinker.csproj", "{75A430B1-AA04-454E-A644-061CCE366327}"
EndProject
Project("{FAE04EC0-301F-11D3-BF4B-00C04F79EFBC}") = "TCPLinker.Models", "TCPLinker.Models\TCPLinker.Models.csproj", "{F74B804F-148B-42DE-89A1-9C49BF6E74B5}"
EndProject
Global
	GlobalSection(SolutionConfigurationPlatforms) = preSolution
		Debug|Any CPU = Debug|Any CPU
		Release|Any CPU = Release|Any CPU
	EndGlobalSection
	GlobalSection(ProjectConfigurationPlatforms) = postSolution
		{75A430B1-AA04-454E-A644-061CCE366327}.Debug|Any CPU.ActiveCfg = Debug|Any CPU
		{75A430B1-AA04-454E-A644-061CCE366327}.Debug|Any CPU.Build.0 = Debug|Any CPU
		{75A430B1-AA04-454E-A644-061CCE366327}.Release|Any CPU.ActiveCfg = Release|Any CPU
		{75A430B1-AA04-454E-A644-061CCE366327}.Release|Any CPU.Build.0 = Release|Any CPU
		{F74B804F-148B-42DE-89A1-9C49BF6E74B5}.Debug|Any CPU.ActiveCfg = Debug|Any CPU
		{F74B804F-148B-42DE-89A1-9C49BF6E74B5}.Debug|Any CPU.Build.0 = Debug|Any CPU
		{F74B804F-148B-42DE-89A1-9C49BF6E74B5}.Release|Any CPU.ActiveCfg = Release|Any CPU
		{F74B804F-148B-42DE-89A1-9C49BF6E74B5}.Release|Any CPU.Build.0 = Release|Any CPU
	EndGlobalSection
	GlobalSection(SolutionProperties) = preSolution
		HideSolutionNode = FALSE
	EndGlobalSection
	GlobalSection(ExtensibilityGlobals) = postSolution
		SolutionGuid = {6255B320-4802-4713-802E-A537BD3F29EA}
	EndGlobalSection
EndGlobal
